
Microsoft Visual Studio Solution File, Format Version 12.00
# Visual Studio 2013
VisualStudioVersion = 12.0.40629.0
MinimumVisualStudioVersion = 10.0.40219.1
Project("{FAE04EC0-301F-11D3-BF4B-00C04F79EFBC}") = "Working.Messaging.Server", "Working.Messaging.Server\Working.Messaging.Server.csproj", "{DF26319C-CFBE-450D-B133-EF7287A038F4}"
EndProject
Project("{FAE04EC0-301F-11D3-BF4B-00C04F79EFBC}") = "Working.Messaging.ConsoleClient", "Working.Messaging.ConsoleClient\Working.Messaging.ConsoleClient.csproj", "{36FCD832-3169-46A4-A147-43FE96667E5F}"
EndProject
Project("{FAE04EC0-301F-11D3-BF4B-00C04F79EFBC}") = "Working.Messaging", "Working.Messaging\Working.Messaging.csproj", "{21375324-86DB-4938-9091-6B48B24362F8}"
EndProject
Global
	GlobalSection(SolutionConfigurationPlatforms) = preSolution
		Debug|Any CPU = Debug|Any CPU
		Release|Any CPU = Release|Any CPU
	EndGlobalSection
	GlobalSection(ProjectConfigurationPlatforms) = postSolution
		{DF26319C-CFBE-450D-B133-EF7287A038F4}.Debug|Any CPU.ActiveCfg = Debug|Any CPU
		{DF26319C-CFBE-450D-B133-EF7287A038F4}.Debug|Any CPU.Build.0 = Debug|Any CPU
		{DF26319C-CFBE-450D-B133-EF7287A038F4}.Release|Any CPU.ActiveCfg = Release|Any CPU
		{DF26319C-CFBE-450D-B133-EF7287A038F4}.Release|Any CPU.Build.0 = Release|Any CPU
		{36FCD832-3169-46A4-A147-43FE96667E5F}.Debug|Any CPU.ActiveCfg = Debug|Any CPU
		{36FCD832-3169-46A4-A147-43FE96667E5F}.Debug|Any CPU.Build.0 = Debug|Any CPU
		{36FCD832-3169-46A4-A147-43FE96667E5F}.Release|Any CPU.ActiveCfg = Release|Any CPU
		{36FCD832-3169-46A4-A147-43FE96667E5F}.Release|Any CPU.Build.0 = Release|Any CPU
		{21375324-86DB-4938-9091-6B48B24362F8}.Debug|Any CPU.ActiveCfg = Debug|Any CPU
		{21375324-86DB-4938-9091-6B48B24362F8}.Debug|Any CPU.Build.0 = Debug|Any CPU
		{21375324-86DB-4938-9091-6B48B24362F8}.Release|Any CPU.ActiveCfg = Release|Any CPU
		{21375324-86DB-4938-9091-6B48B24362F8}.Release|Any CPU.Build.0 = Release|Any CPU
	EndGlobalSection
	GlobalSection(SolutionProperties) = preSolution
		HideSolutionNode = FALSE
	EndGlobalSection
EndGlobal
